{
  "name": "htmlform",
  "version": "1.0.0",
  "lockfileVersion": 1,
  "requires": true,
  "dependencies": {
    "@fortawesome/fontawesome-free": {
      "version": "5.15.3",
      "resolved": "https://registry.npmjs.org/@fortawesome/fontawesome-free/-/fontawesome-free-5.15.3.tgz",
      "integrity": "sha512-rFnSUN/QOtnOAgqFRooTA3H57JLDm0QEG/jPdk+tLQNL/eWd+Aok8g3qCI+Q1xuDPWpGW/i9JySpJVsq8Q0s9w=="
    },
    "@laylazi/bootstrap-rtl": {
      "version": "4.6.0-1",
      "resolved": "https://registry.npmjs.org/@laylazi/bootstrap-rtl/-/bootstrap-rtl-4.6.0-1.tgz",
      "integrity": "sha512-SjkT7q8g58I3AeHDIddPtqOyidC9l9j9XVXF7zantbbsuruYg1osrReC/w8KQb4w5oXT3jA5FPYMmEX/uJuiNQ=="
    },
    "@popperjs/core": {
      "version": "2.9.1",
      "resolved": "https://registry.npmjs.org/@popperjs/core/-/core-2.9.1.tgz",
      "integrity": "sha512-DvJbbn3dUgMxDnJLH+RZQPnXak1h4ZVYQ7CWiFWjQwBFkVajT4rfw2PdpHLTSTwxrYfnoEXkuBiwkDm6tPMQeA=="
    },
    "alertifyjs": {
      "version": "1.13.1",
      "resolved": "https://registry.npmjs.org/alertifyjs/-/alertifyjs-1.13.1.tgz",
      "integrity": "sha512-CckZE2dZDsEEXglOXKxT00vUDV5A6udZom+bn1XHdIWlbSFZgYq7UXCBlwkShhIH3Li/1VxLmr55GOQFQ12WSg=="
    },
    "jquery": {
      "version": "3.6.0",
      "resolved": "https://registry.npmjs.org/jquery/-/jquery-3.6.0.tgz",
      "integrity": "sha512-JVzAR/AjBvVt2BmYhxRCSYysDsPcssdmTFnzyLEts9qNwmjmu4JTAMYubEfwVOSwpQ1I1sKKFcxhZCI2buerfw=="
    },
    "waitme": {
      "version": "1.19.0",
      "resolved": "https://registry.npmjs.org/waitme/-/waitme-1.19.0.tgz",
      "integrity": "sha512-Y6PEtAD8Ycqfhl2SE6Njz/P9C2/1IkiFkevqprob86L0OEfGJ8sfgKARnBQ/xUC1eaJEaL+bmH7N7G6Kn0XgVw==",
      "requires": {
        "jquery": "^1.0.0"
      },
      "dependencies": {
        "jquery": {
          "version": "1.12.4",
          "resolved": "https://registry.npmjs.org/jquery/-/jquery-1.12.4.tgz",
          "integrity": "sha1-AeHfuikP5z3rp3zurLD5ui/sngw="
        }
      }
    }
  }
}
